
Microsoft Visual Studio Solution File, Format Version 9.00
# Visual C++ Express 2005
Project("{8BC9CEB8-8B4A-11D0-8D11-00A0C91BC942}") = "libhdf", "libhdf.vcproj", "{C3EB5C90-BCFD-43C0-A6BA-9FD5FD18DDC5}"
EndProject
Global
	GlobalSection(SolutionConfigurationPlatforms) = preSolution
		Debug|Win32 = Debug|Win32
		Release|Win32 = Release|Win32
	EndGlobalSection
	GlobalSection(ProjectConfigurationPlatforms) = postSolution
		{C3EB5C90-BCFD-43C0-A6BA-9FD5FD18DDC5}.Debug|Win32.ActiveCfg = Debug|Win32
		{C3EB5C90-BCFD-43C0-A6BA-9FD5FD18DDC5}.Debug|Win32.Build.0 = Debug|Win32
		{C3EB5C90-BCFD-43C0-A6BA-9FD5FD18DDC5}.Release|Win32.ActiveCfg = Release|Win32
		{C3EB5C90-BCFD-43C0-A6BA-9FD5FD18DDC5}.Release|Win32.Build.0 = Release|Win32
	EndGlobalSection
	GlobalSection(SolutionProperties) = preSolution
		HideSolutionNode = FALSE
	EndGlobalSection
EndGlobal
